
Microsoft Visual Studio Solution File, Format Version 12.00
# Visual Studio Version 17
VisualStudioVersion = 17.6.33815.320
MinimumVisualStudioVersion = 10.0.40219.1
Project("{FAE04EC0-301F-11D3-BF4B-00C04F79EFBC}") = "A1", "A1\A1.csproj", "{FCFF3E65-EEEF-4699-A963-EE6DE96E8C52}"
EndProject
Global
	GlobalSection(SolutionConfigurationPlatforms) = preSolution
		Debug|Any CPU = Debug|Any CPU
		Release|Any CPU = Release|Any CPU
	EndGlobalSection
	GlobalSection(ProjectConfigurationPlatforms) = postSolution
		{FCFF3E65-EEEF-4699-A963-EE6DE96E8C52}.Debug|Any CPU.ActiveCfg = Debug|Any CPU
		{FCFF3E65-EEEF-4699-A963-EE6DE96E8C52}.Debug|Any CPU.Build.0 = Debug|Any CPU
		{FCFF3E65-EEEF-4699-A963-EE6DE96E8C52}.Release|Any CPU.ActiveCfg = Release|Any CPU
		{FCFF3E65-EEEF-4699-A963-EE6DE96E8C52}.Release|Any CPU.Build.0 = Release|Any CPU
	EndGlobalSection
	GlobalSection(SolutionProperties) = preSolution
		HideSolutionNode = FALSE
	EndGlobalSection
	GlobalSection(ExtensibilityGlobals) = postSolution
		SolutionGuid = {0C7F6B76-5090-45E0-9283-7A1F4C7EC259}
	EndGlobalSection
EndGlobal
